
Microsoft Visual Studio Solution File, Format Version 12.00
# Visual Studio Version 17
VisualStudioVersion = 17.8.34212.112
MinimumVisualStudioVersion = 10.0.40219.1
Project("{FAE04EC0-301F-11D3-BF4B-00C04F79EFBC}") = "Client", "Client\Client.csproj", "{318EC273-A10A-4A03-A7BF-08EE144B843E}"
EndProject
Project("{FAE04EC0-301F-11D3-BF4B-00C04F79EFBC}") = "API", "API\API.csproj", "{FE5ED058-50C8-4352-AF72-36F4259A05B9}"
EndProject
Global
	GlobalSection(SolutionConfigurationPlatforms) = preSolution
		Debug|Any CPU = Debug|Any CPU
		Release|Any CPU = Release|Any CPU
	EndGlobalSection
	GlobalSection(ProjectConfigurationPlatforms) = postSolution
		{318EC273-A10A-4A03-A7BF-08EE144B843E}.Debug|Any CPU.ActiveCfg = Debug|Any CPU
		{318EC273-A10A-4A03-A7BF-08EE144B843E}.Debug|Any CPU.Build.0 = Debug|Any CPU
		{318EC273-A10A-4A03-A7BF-08EE144B843E}.Release|Any CPU.ActiveCfg = Release|Any CPU
		{318EC273-A10A-4A03-A7BF-08EE144B843E}.Release|Any CPU.Build.0 = Release|Any CPU
		{FE5ED058-50C8-4352-AF72-36F4259A05B9}.Debug|Any CPU.ActiveCfg = Debug|Any CPU
		{FE5ED058-50C8-4352-AF72-36F4259A05B9}.Debug|Any CPU.Build.0 = Debug|Any CPU
		{FE5ED058-50C8-4352-AF72-36F4259A05B9}.Release|Any CPU.ActiveCfg = Release|Any CPU
		{FE5ED058-50C8-4352-AF72-36F4259A05B9}.Release|Any CPU.Build.0 = Release|Any CPU
	EndGlobalSection
	GlobalSection(SolutionProperties) = preSolution
		HideSolutionNode = FALSE
	EndGlobalSection
	GlobalSection(ExtensibilityGlobals) = postSolution
		SolutionGuid = {8F71111D-4131-4D95-A824-953C5742288E}
	EndGlobalSection
EndGlobal
